{
  "name": "brawlhalla-swz-ts",
  "version": "1.0.0",
  "lockfileVersion": 2,
  "requires": true,
  "packages": {
    "": {
      "name": "brawlhalla-swz-ts",
      "version": "1.0.0",
      "license": "MIT",
      "dependencies": {
        "abc-disassembler": "file:../abc-disassembler",
        "swf-parser": "file:../swf-parser"
      },
      "devDependencies": {
        "@types/node": "^17.0.21",
        "typescript": "^4.6.2"
      }
    },
    "../abc-disassembler": {
      "version": "1.0.0",
      "license": "MIT",
      "devDependencies": {
        "@types/node": "^17.0.8",
        "ts-node": "^10.4.0",
        "ttypescript": "^1.5.13",
        "typescript": "^4.5.4"
      }
    },
    "../swf-parser": {
      "version": "1.0.0",
      "license": "MIT",
      "dependencies": {
        "abc-disassembler": "file:../abc-disassembler"
      },
      "devDependencies": {
        "@types/node": "^14.14.41",
        "typescript": "^4.2.4"
      }
    },
    "node_modules/@types/node": {
      "version": "17.0.21",
      "resolved": "https://registry.npmjs.org/@types/node/-/node-17.0.21.tgz",
      "integrity": "sha512-DBZCJbhII3r90XbQxI8Y9IjjiiOGlZ0Hr32omXIZvwwZ7p4DMMXGrKXVyPfuoBOri9XNtL0UK69jYIBIsRX3QQ==",
      "dev": true
    },
    "node_modules/abc-disassembler": {
      "resolved": "../abc-disassembler",
      "link": true
    },
    "node_modules/swf-parser": {
      "resolved": "../swf-parser",
      "link": true
    },
    "node_modules/typescript": {
      "version": "4.6.2",
      "resolved": "https://registry.npmjs.org/typescript/-/typescript-4.6.2.tgz",
      "integrity": "sha512-HM/hFigTBHZhLXshn9sN37H085+hQGeJHJ/X7LpBWLID/fbc2acUMfU+lGD98X81sKP+pFa9f0DZmCwB9GnbAg==",
      "dev": true,
      "bin": {
        "tsc": "bin/tsc",
        "tsserver": "bin/tsserver"
      },
      "engines": {
        "node": ">=4.2.0"
      }
    }
  },
  "dependencies": {
    "@types/node": {
      "version": "17.0.21",
      "resolved": "https://registry.npmjs.org/@types/node/-/node-17.0.21.tgz",
      "integrity": "sha512-DBZCJbhII3r90XbQxI8Y9IjjiiOGlZ0Hr32omXIZvwwZ7p4DMMXGrKXVyPfuoBOri9XNtL0UK69jYIBIsRX3QQ==",
      "dev": true
    },
    "abc-disassembler": {
      "version": "file:../abc-disassembler",
      "requires": {
        "@types/node": "^17.0.8",
        "ts-node": "^10.4.0",
        "ttypescript": "^1.5.13",
        "typescript": "^4.5.4"
      }
    },
    "swf-parser": {
      "version": "file:../swf-parser",
      "requires": {
        "@types/node": "^14.14.41",
        "abc-disassembler": "file:../abc-disassembler",
        "typescript": "^4.2.4"
      }
    },
    "typescript": {
      "version": "4.6.2",
      "resolved": "https://registry.npmjs.org/typescript/-/typescript-4.6.2.tgz",
      "integrity": "sha512-HM/hFigTBHZhLXshn9sN37H085+hQGeJHJ/X7LpBWLID/fbc2acUMfU+lGD98X81sKP+pFa9f0DZmCwB9GnbAg==",
      "dev": true
    }
  }
}
